
Microsoft Visual Studio Solution File, Format Version 12.00
# Visual Studio 15
Project("{FAE04EC0-301F-11D3-BF4B-00C04F79EFBC}") = "Assembly-CSharp-Editor", "Assembly-CSharp-Editor.csproj", "{7E9F2D65-F2F3-CCF7-B238-43C187377AF5}"
EndProject
Project("{FAE04EC0-301F-11D3-BF4B-00C04F79EFBC}") = "Assembly-CSharp", "Assembly-CSharp.csproj", "{3B19B31B-73A1-362D-1B36-43F62EC245EF}"
EndProject
Global
	GlobalSection(SolutionConfigurationPlatforms) = preSolution
		Debug|Any CPU = Debug|Any CPU
		Release|Any CPU = Release|Any CPU
	EndGlobalSection
	GlobalSection(ProjectConfigurationPlatforms) = postSolution
		{7E9F2D65-F2F3-CCF7-B238-43C187377AF5}.Debug|Any CPU.ActiveCfg = Debug|Any CPU
		{7E9F2D65-F2F3-CCF7-B238-43C187377AF5}.Debug|Any CPU.Build.0 = Debug|Any CPU
		{7E9F2D65-F2F3-CCF7-B238-43C187377AF5}.Release|Any CPU.ActiveCfg = Release|Any CPU
		{7E9F2D65-F2F3-CCF7-B238-43C187377AF5}.Release|Any CPU.Build.0 = Release|Any CPU
		{3B19B31B-73A1-362D-1B36-43F62EC245EF}.Debug|Any CPU.ActiveCfg = Debug|Any CPU
		{3B19B31B-73A1-362D-1B36-43F62EC245EF}.Debug|Any CPU.Build.0 = Debug|Any CPU
		{3B19B31B-73A1-362D-1B36-43F62EC245EF}.Release|Any CPU.ActiveCfg = Release|Any CPU
		{3B19B31B-73A1-362D-1B36-43F62EC245EF}.Release|Any CPU.Build.0 = Release|Any CPU
	EndGlobalSection
	GlobalSection(SolutionProperties) = preSolution
		HideSolutionNode = FALSE
	EndGlobalSection
EndGlobal
